
Microsoft Visual Studio Solution File, Format Version 12.00
# Visual Studio Version 16
VisualStudioVersion = 16.0.30204.135
MinimumVisualStudioVersion = 10.0.40219.1
Project("{FAE04EC0-301F-11D3-BF4B-00C04F79EFBC}") = "Inventory management v1", "Inventory management v1\Inventory management v1.csproj", "{BC6BBFBA-D306-490E-942E-98E4A4C2D7A5}"
EndProject
Project("{00D1A9C2-B5F0-4AF3-8072-F6C62B433612}") = "Database", "Database\Database.sqlproj", "{B3C5656D-F31B-4C2D-B250-466756401580}"
EndProject
Global
	GlobalSection(SolutionConfigurationPlatforms) = preSolution
		Debug|Any CPU = Debug|Any CPU
		Release|Any CPU = Release|Any CPU
	EndGlobalSection
	GlobalSection(ProjectConfigurationPlatforms) = postSolution
		{BC6BBFBA-D306-490E-942E-98E4A4C2D7A5}.Debug|Any CPU.ActiveCfg = Debug|Any CPU
		{BC6BBFBA-D306-490E-942E-98E4A4C2D7A5}.Debug|Any CPU.Build.0 = Debug|Any CPU
		{BC6BBFBA-D306-490E-942E-98E4A4C2D7A5}.Release|Any CPU.ActiveCfg = Release|Any CPU
		{BC6BBFBA-D306-490E-942E-98E4A4C2D7A5}.Release|Any CPU.Build.0 = Release|Any CPU
		{B3C5656D-F31B-4C2D-B250-466756401580}.Debug|Any CPU.ActiveCfg = Debug|Any CPU
		{B3C5656D-F31B-4C2D-B250-466756401580}.Debug|Any CPU.Build.0 = Debug|Any CPU
		{B3C5656D-F31B-4C2D-B250-466756401580}.Debug|Any CPU.Deploy.0 = Debug|Any CPU
		{B3C5656D-F31B-4C2D-B250-466756401580}.Release|Any CPU.ActiveCfg = Release|Any CPU
		{B3C5656D-F31B-4C2D-B250-466756401580}.Release|Any CPU.Build.0 = Release|Any CPU
		{B3C5656D-F31B-4C2D-B250-466756401580}.Release|Any CPU.Deploy.0 = Release|Any CPU
	EndGlobalSection
	GlobalSection(SolutionProperties) = preSolution
		HideSolutionNode = FALSE
	EndGlobalSection
	GlobalSection(ExtensibilityGlobals) = postSolution
		SolutionGuid = {5075A036-0412-48B5-8E24-94C57A932691}
	EndGlobalSection
EndGlobal
